
Microsoft Visual Studio Solution File, Format Version 12.00
# Visual Studio Version 17
VisualStudioVersion = 17.5.002.0
MinimumVisualStudioVersion = 10.0.40219.1
Project("{9A19103F-16F7-4668-BE54-9A1E7A4F7556}") = "YerayHalterofilia", "YerayHalterofilia.csproj", "{A1BD094F-4392-4AEA-A7D0-2B68D81E5FCC}"
EndProject
Project("{FAE04EC0-301F-11D3-BF4B-00C04F79EFBC}") = "db", "..\db\db.csproj", "{0648A32C-DB25-4056-993D-638DFBB51D44}"
EndProject
Global
	GlobalSection(SolutionConfigurationPlatforms) = preSolution
		Debug|Any CPU = Debug|Any CPU
		Release|Any CPU = Release|Any CPU
	EndGlobalSection
	GlobalSection(ProjectConfigurationPlatforms) = postSolution
		{A1BD094F-4392-4AEA-A7D0-2B68D81E5FCC}.Debug|Any CPU.ActiveCfg = Debug|Any CPU
		{A1BD094F-4392-4AEA-A7D0-2B68D81E5FCC}.Debug|Any CPU.Build.0 = Debug|Any CPU
		{A1BD094F-4392-4AEA-A7D0-2B68D81E5FCC}.Release|Any CPU.ActiveCfg = Release|Any CPU
		{A1BD094F-4392-4AEA-A7D0-2B68D81E5FCC}.Release|Any CPU.Build.0 = Release|Any CPU
		{0648A32C-DB25-4056-993D-638DFBB51D44}.Debug|Any CPU.ActiveCfg = Debug|Any CPU
		{0648A32C-DB25-4056-993D-638DFBB51D44}.Debug|Any CPU.Build.0 = Debug|Any CPU
		{0648A32C-DB25-4056-993D-638DFBB51D44}.Release|Any CPU.ActiveCfg = Release|Any CPU
		{0648A32C-DB25-4056-993D-638DFBB51D44}.Release|Any CPU.Build.0 = Release|Any CPU
	EndGlobalSection
	GlobalSection(SolutionProperties) = preSolution
		HideSolutionNode = FALSE
	EndGlobalSection
	GlobalSection(ExtensibilityGlobals) = postSolution
		SolutionGuid = {FCC0A8A4-EB13-40A9-B83D-55F9C783FD95}
	EndGlobalSection
EndGlobal
